
Microsoft Visual Studio Solution File, Format Version 12.00
# Visual Studio Version 16
VisualStudioVersion = 16.0.28917.181
MinimumVisualStudioVersion = 10.0.40219.1
Project("{FAE04EC0-301F-11D3-BF4B-00C04F79EFBC}") = "Forms4Demo.Android", "Forms4Demo\Forms4Demo.Android\Forms4Demo.Android.csproj", "{E02BD424-7F95-4816-92DA-069922525054}"
EndProject
Project("{FAE04EC0-301F-11D3-BF4B-00C04F79EFBC}") = "Forms4Demo.iOS", "Forms4Demo\Forms4Demo.iOS\Forms4Demo.iOS.csproj", "{9C005474-F34A-4B70-AF57-F667119CC401}"
EndProject
Project("{FAE04EC0-301F-11D3-BF4B-00C04F79EFBC}") = "Forms4Demo", "Forms4Demo\Forms4Demo\Forms4Demo.csproj", "{14ED5E1C-F4F2-4BDD-B24E-75B5F947ABB1}"
EndProject
Global
	GlobalSection(SolutionConfigurationPlatforms) = preSolution
		Debug|Any CPU = Debug|Any CPU
		Debug|iPhone = Debug|iPhone
		Debug|iPhoneSimulator = Debug|iPhoneSimulator
		Release|Any CPU = Release|Any CPU
		Release|iPhone = Release|iPhone
		Release|iPhoneSimulator = Release|iPhoneSimulator
	EndGlobalSection
	GlobalSection(ProjectConfigurationPlatforms) = postSolution
		{E02BD424-7F95-4816-92DA-069922525054}.Debug|Any CPU.ActiveCfg = Debug|Any CPU
		{E02BD424-7F95-4816-92DA-069922525054}.Debug|Any CPU.Build.0 = Debug|Any CPU
		{E02BD424-7F95-4816-92DA-069922525054}.Debug|Any CPU.Deploy.0 = Debug|Any CPU
		{E02BD424-7F95-4816-92DA-069922525054}.Debug|iPhone.ActiveCfg = Debug|Any CPU
		{E02BD424-7F95-4816-92DA-069922525054}.Debug|iPhone.Build.0 = Debug|Any CPU
		{E02BD424-7F95-4816-92DA-069922525054}.Debug|iPhone.Deploy.0 = Debug|Any CPU
		{E02BD424-7F95-4816-92DA-069922525054}.Debug|iPhoneSimulator.ActiveCfg = Debug|Any CPU
		{E02BD424-7F95-4816-92DA-069922525054}.Debug|iPhoneSimulator.Build.0 = Debug|Any CPU
		{E02BD424-7F95-4816-92DA-069922525054}.Debug|iPhoneSimulator.Deploy.0 = Debug|Any CPU
		{E02BD424-7F95-4816-92DA-069922525054}.Release|Any CPU.ActiveCfg = Release|Any CPU
		{E02BD424-7F95-4816-92DA-069922525054}.Release|Any CPU.Build.0 = Release|Any CPU
		{E02BD424-7F95-4816-92DA-069922525054}.Release|Any CPU.Deploy.0 = Release|Any CPU
		{E02BD424-7F95-4816-92DA-069922525054}.Release|iPhone.ActiveCfg = Release|Any CPU
		{E02BD424-7F95-4816-92DA-069922525054}.Release|iPhone.Build.0 = Release|Any CPU
		{E02BD424-7F95-4816-92DA-069922525054}.Release|iPhone.Deploy.0 = Release|Any CPU
		{E02BD424-7F95-4816-92DA-069922525054}.Release|iPhoneSimulator.ActiveCfg = Release|Any CPU
		{E02BD424-7F95-4816-92DA-069922525054}.Release|iPhoneSimulator.Build.0 = Release|Any CPU
		{E02BD424-7F95-4816-92DA-069922525054}.Release|iPhoneSimulator.Deploy.0 = Release|Any CPU
		{9C005474-F34A-4B70-AF57-F667119CC401}.Debug|Any CPU.ActiveCfg = Debug|iPhoneSimulator
		{9C005474-F34A-4B70-AF57-F667119CC401}.Debug|Any CPU.Build.0 = Debug|iPhoneSimulator
		{9C005474-F34A-4B70-AF57-F667119CC401}.Debug|Any CPU.Deploy.0 = Debug|iPhoneSimulator
		{9C005474-F34A-4B70-AF57-F667119CC401}.Debug|iPhone.ActiveCfg = Debug|iPhone
		{9C005474-F34A-4B70-AF57-F667119CC401}.Debug|iPhone.Build.0 = Debug|iPhone
		{9C005474-F34A-4B70-AF57-F667119CC401}.Debug|iPhone.Deploy.0 = Debug|iPhone
		{9C005474-F34A-4B70-AF57-F667119CC401}.Debug|iPhoneSimulator.ActiveCfg = Debug|iPhoneSimulator
		{9C005474-F34A-4B70-AF57-F667119CC401}.Debug|iPhoneSimulator.Build.0 = Debug|iPhoneSimulator
		{9C005474-F34A-4B70-AF57-F667119CC401}.Debug|iPhoneSimulator.Deploy.0 = Debug|iPhoneSimulator
		{9C005474-F34A-4B70-AF57-F667119CC401}.Release|Any CPU.ActiveCfg = Release|iPhone
		{9C005474-F34A-4B70-AF57-F667119CC401}.Release|Any CPU.Build.0 = Release|iPhone
		{9C005474-F34A-4B70-AF57-F667119CC401}.Release|Any CPU.Deploy.0 = Release|iPhone
		{9C005474-F34A-4B70-AF57-F667119CC401}.Release|iPhone.ActiveCfg = Release|iPhone
		{9C005474-F34A-4B70-AF57-F667119CC401}.Release|iPhone.Build.0 = Release|iPhone
		{9C005474-F34A-4B70-AF57-F667119CC401}.Release|iPhone.Deploy.0 = Release|iPhone
		{9C005474-F34A-4B70-AF57-F667119CC401}.Release|iPhoneSimulator.ActiveCfg = Release|iPhoneSimulator
		{9C005474-F34A-4B70-AF57-F667119CC401}.Release|iPhoneSimulator.Build.0 = Release|iPhoneSimulator
		{9C005474-F34A-4B70-AF57-F667119CC401}.Release|iPhoneSimulator.Deploy.0 = Release|iPhoneSimulator
		{14ED5E1C-F4F2-4BDD-B24E-75B5F947ABB1}.Debug|Any CPU.ActiveCfg = Debug|Any CPU
		{14ED5E1C-F4F2-4BDD-B24E-75B5F947ABB1}.Debug|Any CPU.Build.0 = Debug|Any CPU
		{14ED5E1C-F4F2-4BDD-B24E-75B5F947ABB1}.Debug|Any CPU.Deploy.0 = Debug|Any CPU
		{14ED5E1C-F4F2-4BDD-B24E-75B5F947ABB1}.Debug|iPhone.ActiveCfg = Debug|Any CPU
		{14ED5E1C-F4F2-4BDD-B24E-75B5F947ABB1}.Debug|iPhone.Build.0 = Debug|Any CPU
		{14ED5E1C-F4F2-4BDD-B24E-75B5F947ABB1}.Debug|iPhone.Deploy.0 = Debug|Any CPU
		{14ED5E1C-F4F2-4BDD-B24E-75B5F947ABB1}.Debug|iPhoneSimulator.ActiveCfg = Debug|Any CPU
		{14ED5E1C-F4F2-4BDD-B24E-75B5F947ABB1}.Debug|iPhoneSimulator.Build.0 = Debug|Any CPU
		{14ED5E1C-F4F2-4BDD-B24E-75B5F947ABB1}.Debug|iPhoneSimulator.Deploy.0 = Debug|Any CPU
		{14ED5E1C-F4F2-4BDD-B24E-75B5F947ABB1}.Release|Any CPU.ActiveCfg = Release|Any CPU
		{14ED5E1C-F4F2-4BDD-B24E-75B5F947ABB1}.Release|Any CPU.Build.0 = Release|Any CPU
		{14ED5E1C-F4F2-4BDD-B24E-75B5F947ABB1}.Release|Any CPU.Deploy.0 = Release|Any CPU
		{14ED5E1C-F4F2-4BDD-B24E-75B5F947ABB1}.Release|iPhone.ActiveCfg = Release|Any CPU
		{14ED5E1C-F4F2-4BDD-B24E-75B5F947ABB1}.Release|iPhone.Build.0 = Release|Any CPU
		{14ED5E1C-F4F2-4BDD-B24E-75B5F947ABB1}.Release|iPhone.Deploy.0 = Release|Any CPU
		{14ED5E1C-F4F2-4BDD-B24E-75B5F947ABB1}.Release|iPhoneSimulator.ActiveCfg = Release|Any CPU
		{14ED5E1C-F4F2-4BDD-B24E-75B5F947ABB1}.Release|iPhoneSimulator.Build.0 = Release|Any CPU
		{14ED5E1C-F4F2-4BDD-B24E-75B5F947ABB1}.Release|iPhoneSimulator.Deploy.0 = Release|Any CPU
	EndGlobalSection
	GlobalSection(SolutionProperties) = preSolution
		HideSolutionNode = FALSE
	EndGlobalSection
	GlobalSection(ExtensibilityGlobals) = postSolution
		SolutionGuid = {0A2E7371-8E09-4534-912A-FFFF1825E255}
	EndGlobalSection
EndGlobal
